version = 1
revision = 3
requires-python = ">=3.13"

[[package]]
name = "anyio"
version = "4.9.0"
source = { registry = "https://pypi.org/simple" }
dependencies = [
    { name = "idna" },
    { name = "sniffio" },
]
sdist = { url = "https://files.pythonhosted.org/packages/95/7d/4c1bd541d4dffa1b52bd83fb8527089e097a106fc90b467a7313b105f840/anyio-4.9.0.tar.gz", hash = "sha256:673c0c244e15788651a4ff38710fea9675823028a6f08a5eda409e0c9840a028", size = 190949, upload-time = "2025-03-17T00:02:54.77Z" }
wheels = [
    { url = "https://files.pythonhosted.org/packages/a1/ee/48ca1a7c89ffec8b6a0c5d02b89c305671d5ffd8d3c94acf8b8c408575bb/anyio-4.9.0-py3-none-any.whl", hash = "sha256:9f76d541cad6e36af7beb62e978876f3b41e3e04f2c1fbf0884604c0a9c4d93c", size = 100916, upload-time = "2025-03-17T00:02:52.713Z" },
]

[[package]]
name = "blinker"
version = "1.9.0"
source = { registry = "https://pypi.org/simple" }
sdist = { url = "https://files.pythonhosted.org/packages/21/28/9b3f50ce0e048515135495f198351908d99540d69bfdc8c1d15b73dc55ce/blinker-1.9.0.tar.gz", hash = "sha256:b4ce2265a7abece45e7cc896e98dbebe6cead56bcf805a3d23136d145f5445bf", size = 22460, upload-time = "2024-11-08T17:25:47.436Z" }
wheels = [
    { url = "https://files.pythonhosted.org/packages/10/cb/f2ad4230dc2eb1a74edf38f1a38b9b52277f75bef262d8908e60d957e13c/blinker-1.9.0-py3-none-any.whl", hash = "sha256:ba0efaa9080b619ff2f3459d1d500c57bddea4a6b424b60a91141db6fd2f08bc", size = 8458, upload-time = "2024-11-08T17:25:46.184Z" },
]

[[package]]
name = "certifi"
version = "2025.4.26"
source = { registry = "https://pypi.org/simple" }
sdist = { url = "https://files.pythonhosted.org/packages/e8/9e/c05b3920a3b7d20d3d3310465f50348e5b3694f4f88c6daf736eef3024c4/certifi-2025.4.26.tar.gz", hash = "sha256:0a816057ea3cdefcef70270d2c515e4506bbc954f417fa5ade2021213bb8f0c6", size = 160705, upload-time = "2025-04-26T02:12:29.51Z" }
wheels = [
    { url = "https://files.pythonhosted.org/packages/4a/7e/3db2bd1b1f9e95f7cddca6d6e75e2f2bd9f51b1246e546d88addca0106bd/certifi-2025.4.26-py3-none-any.whl", hash = "sha256:30350364dfe371162649852c63336a15c70c6510c2ad5015b21c2345311805f3", size = 159618, upload-time = "2025-04-26T02:12:27.662Z" },
]

[[package]]
name = "click"
version = "8.1.8"
source = { registry = "https://pypi.org/simple" }
dependencies = [
    { name = "colorama", marker = "sys_platform == 'win32'" },
]
sdist = { url = "https://files.pythonhosted.org/packages/b9/2e/0090cbf739cee7d23781ad4b89a9894a41538e4fcf4c31dcdd705b78eb8b/click-8.1.8.tar.gz", hash = "sha256:ed53c9d8990d83c2a27deae68e4ee337473f6330c040a31d4225c9574d16096a", size = 226593, upload-time = "2024-12-21T18:38:44.339Z" }
wheels = [
    { url = "https://files.pythonhosted.org/packages/7e/d4/7ebdbd03970677812aac39c869717059dbb71a4cfc033ca6e5221787892c/click-8.1.8-py3-none-any.whl", hash = "sha256:63c132bbbed01578a06712a2d1f497bb62d9c1c0d329b7903a866228027263b2", size = 98188, upload-time = "2024-12-21T18:38:41.666Z" },
]

[[package]]
name = "colorama"
version = "0.4.6"
source = { registry = "https://pypi.org/simple" }
sdist = { url = "https://files.pythonhosted.org/packages/d8/53/6f443c9a4a8358a93a6792e2acffb9d9d5cb0a5cfd8802644b7b1c9a02e4/colorama-0.4.6.tar.gz", hash = "sha256:08695f5cb7ed6e0531a20572697297273c47b8cae5a63ffc6d6ed5c201be6e44", size = 27697, upload-time = "2022-10-25T02:36:22.414Z" }
wheels = [
    { url = "https://files.pythonhosted.org/packages/d1/d6/3965ed04c63042e047cb6a3e6ed1a63a35087b6a609aa3a15ed8ac56c221/colorama-0.4.6-py2.py3-none-any.whl", hash = "sha256:4f1d9991f5acc0ca119f9d443620b77f9d6b33703e51011c16baf57afb285fc6", size = 25335, upload-time = "2022-10-25T02:36:20.889Z" },
]

[[package]]
name = "flask"
version = "3.1.2"
source = { registry = "https://pypi.org/simple" }
dependencies = [
    { name = "blinker" },
    { name = "click" },
    { name = "itsdangerous" },
    { name = "jinja2" },
    { name = "markupsafe" },
    { name = "werkzeug" },
]
sdist = { url = "https://files.pythonhosted.org/packages/dc/6d/cfe3c0fcc5e477df242b98bfe186a4c34357b4847e87ecaef04507332dab/flask-3.1.2.tar.gz", hash = "sha256:bf656c15c80190ed628ad08cdfd3aaa35beb087855e2f494910aa3774cc4fd87", size = 720160, upload-time = "2025-08-19T21:03:21.205Z" }
wheels = [
    { url = "https://files.pythonhosted.org/packages/ec/f9/7f9263c5695f4bd0023734af91bedb2ff8209e8de6ead162f35d8dc762fd/flask-3.1.2-py3-none-any.whl", hash = "sha256:ca1d8112ec8a6158cc29ea4858963350011b5c846a414cdb7a954aa9e967d03c", size = 103308, upload-time = "2025-08-19T21:03:19.499Z" },
]

[[package]]
name = "fort"
version = "2025.1"
source = { registry = "https://pypi.org/simple" }
sdist = { url = "https://files.pythonhosted.org/packages/31/6f/47b3bb30e057c028f2b71edc54457134d240a9d1fc009fed01fe35becd9b/fort-2025.1.tar.gz", hash = "sha256:55d1526f31c50d62b3531fa0d1c3539fc55691046c0c665401ca9c3139cc063b", size = 3350, upload-time = "2025-10-13T14:21:55.763Z" }
wheels = [
    { url = "https://files.pythonhosted.org/packages/9f/cd/42535fd2a505ad2e4cd7a8909d5daa4caafa4420786d62aced8344de45b1/fort-2025.1-py3-none-any.whl", hash = "sha256:8444a306896e72ecf7d5e5b5c02579ea9f392e8834ab12967eb0fb0bb9c1ad89", size = 4449, upload-time = "2025-10-13T14:21:54.745Z" },
]

[[package]]
name = "h11"
version = "0.16.0"
source = { registry = "https://pypi.org/simple" }
sdist = { url = "https://files.pythonhosted.org/packages/01/ee/02a2c011bdab74c6fb3c75474d40b3052059d95df7e73351460c8588d963/h11-0.16.0.tar.gz", hash = "sha256:4e35b956cf45792e4caa5885e69fba00bdbc6ffafbfa020300e549b208ee5ff1", size = 101250, upload-time = "2025-04-24T03:35:25.427Z" }
wheels = [
    { url = "https://files.pythonhosted.org/packages/04/4b/29cac41a4d98d144bf5f6d33995617b185d14b22401f75ca86f384e87ff1/h11-0.16.0-py3-none-any.whl", hash = "sha256:63cf8bbe7522de3bf65932fda1d9c2772064ffb3dae62d55932da54b31cb6c86", size = 37515, upload-time = "2025-04-24T03:35:24.344Z" },
]

[[package]]
name = "htpy"
version = "25.12.0"
source = { registry = "https://pypi.org/simple" }
dependencies = [
    { name = "markupsafe" },
]
sdist = { url = "https://files.pythonhosted.org/packages/b6/23/e00bbc355e70444d16c90a0f1fdce108c67379fe65e9312cd026c13db976/htpy-25.12.0.tar.gz", hash = "sha256:7d3f4aaa10b35c5e46dfa804df1f3f18772caf8efee6e6a035b5dee89a5d6af8", size = 291259, upload-time = "2025-12-01T20:35:01.666Z" }
wheels = [
    { url = "https://files.pythonhosted.org/packages/61/f1/a2f2caf14b03e7fab4801ac6018a4ac996de3e82a573e7aa21f3cb11a7cc/htpy-25.12.0-py3-none-any.whl", hash = "sha256:642e69278d6f8f4643acc2d2d13c21682ceb5fb4860ecbbce042f171577fff54", size = 21141, upload-time = "2025-12-01T20:35:00.13Z" },
]

[[package]]
name = "httpcore"
version = "1.0.9"
source = { registry = "https://pypi.org/simple" }
dependencies = [
    { name = "certifi" },
    { name = "h11" },
]
sdist = { url = "https://files.pythonhosted.org/packages/06/94/82699a10bca87a5556c9c59b5963f2d039dbd239f25bc2a63907a05a14cb/httpcore-1.0.9.tar.gz", hash = "sha256:6e34463af53fd2ab5d807f399a9b45ea31c3dfa2276f15a2c3f00afff6e176e8", size = 85484, upload-time = "2025-04-24T22:06:22.219Z" }
wheels = [
    { url = "https://files.pythonhosted.org/packages/7e/f5/f66802a942d491edb555dd61e3a9961140fd64c90bce1eafd741609d334d/httpcore-1.0.9-py3-none-any.whl", hash = "sha256:2d400746a40668fc9dec9810239072b40b4484b640a8c38fd654a024c7a1bf55", size = 78784, upload-time = "2025-04-24T22:06:20.566Z" },
]

[[package]]
name = "httpx"
version = "0.28.1"
source = { registry = "https://pypi.org/simple" }
dependencies = [
    { name = "anyio" },
    { name = "certifi" },
    { name = "httpcore" },
    { name = "idna" },
]
sdist = { url = "https://files.pythonhosted.org/packages/b1/df/48c586a5fe32a0f01324ee087459e112ebb7224f646c0b5023f5e79e9956/httpx-0.28.1.tar.gz", hash = "sha256:75e98c5f16b0f35b567856f597f06ff2270a374470a5c2392242528e3e3e42fc", size = 141406, upload-time = "2024-12-06T15:37:23.222Z" }
wheels = [
    { url = "https://files.pythonhosted.org/packages/2a/39/e50c7c3a983047577ee07d2a9e53faf5a69493943ec3f6a384bdc792deb2/httpx-0.28.1-py3-none-any.whl", hash = "sha256:d909fcccc110f8c7faf814ca82a9a4d816bc5a6dbfea25d6591d6985b8ba59ad", size = 73517, upload-time = "2024-12-06T15:37:21.509Z" },
]

[[package]]
name = "idna"
version = "3.10"
source = { registry = "https://pypi.org/simple" }
sdist = { url = "https://files.pythonhosted.org/packages/f1/70/7703c29685631f5a7590aa73f1f1d3fa9a380e654b86af429e0934a32f7d/idna-3.10.tar.gz", hash = "sha256:12f65c9b470abda6dc35cf8e63cc574b1c52b11df2c86030af0ac09b01b13ea9", size = 190490, upload-time = "2024-09-15T18:07:39.745Z" }
wheels = [
    { url = "https://files.pythonhosted.org/packages/76/c6/c88e154df9c4e1a2a66ccf0005a88dfb2650c1dffb6f5ce603dfbd452ce3/idna-3.10-py3-none-any.whl", hash = "sha256:946d195a0d259cbba61165e88e65941f16e9b36ea6ddb97f00452bae8b1287d3", size = 70442, upload-time = "2024-09-15T18:07:37.964Z" },
]

[[package]]
name = "itsdangerous"
version = "2.2.0"
source = { registry = "https://pypi.org/simple" }
sdist = { url = "https://files.pythonhosted.org/packages/9c/cb/8ac0172223afbccb63986cc25049b154ecfb5e85932587206f42317be31d/itsdangerous-2.2.0.tar.gz", hash = "sha256:e0050c0b7da1eea53ffaf149c0cfbb5c6e2e2b69c4bef22c81fa6eb73e5f6173", size = 54410, upload-time = "2024-04-16T21:28:15.614Z" }
wheels = [
    { url = "https://files.pythonhosted.org/packages/04/96/92447566d16df59b2a776c0fb82dbc4d9e07cd95062562af01e408583fc4/itsdangerous-2.2.0-py3-none-any.whl", hash = "sha256:c6242fc49e35958c8b15141343aa660db5fc54d4f13a1db01a3f5891b98700ef", size = 16234, upload-time = "2024-04-16T21:28:14.499Z" },
]

[[package]]
name = "jinja2"
version = "3.1.6"
source = { registry = "https://pypi.org/simple" }
dependencies = [
    { name = "markupsafe" },
]
sdist = { url = "https://files.pythonhosted.org/packages/df/bf/f7da0350254c0ed7c72f3e33cef02e048281fec7ecec5f032d4aac52226b/jinja2-3.1.6.tar.gz", hash = "sha256:0137fb05990d35f1275a587e9aee6d56da821fc83491a0fb838183be43f66d6d", size = 245115, upload-time = "2025-03-05T20:05:02.478Z" }
wheels = [
    { url = "https://files.pythonhosted.org/packages/62/a1/3d680cbfd5f4b8f15abc1d571870c5fc3e594bb582bc3b64ea099db13e56/jinja2-3.1.6-py3-none-any.whl", hash = "sha256:85ece4451f492d0c13c5dd7c13a64681a86afae63a5f347908daf103ce6d2f67", size = 134899, upload-time = "2025-03-05T20:05:00.369Z" },
]

[[package]]
name = "markupsafe"
version = "3.0.2"
source = { registry = "https://pypi.org/simple" }
sdist = { url = "https://files.pythonhosted.org/packages/b2/97/5d42485e71dfc078108a86d6de8fa46db44a1a9295e89c5d6d4a06e23a62/markupsafe-3.0.2.tar.gz", hash = "sha256:ee55d3edf80167e48ea11a923c7386f4669df67d7994554387f84e7d8b0a2bf0", size = 20537, upload-time = "2024-10-18T15:21:54.129Z" }
wheels = [
    { url = "https://files.pythonhosted.org/packages/83/0e/67eb10a7ecc77a0c2bbe2b0235765b98d164d81600746914bebada795e97/MarkupSafe-3.0.2-cp313-cp313-macosx_10_13_universal2.whl", hash = "sha256:ba9527cdd4c926ed0760bc301f6728ef34d841f405abf9d4f959c478421e4efd", size = 14274, upload-time = "2024-10-18T15:21:24.577Z" },
    { url = "https://files.pythonhosted.org/packages/2b/6d/9409f3684d3335375d04e5f05744dfe7e9f120062c9857df4ab490a1031a/MarkupSafe-3.0.2-cp313-cp313-macosx_11_0_arm64.whl", hash = "sha256:f8b3d067f2e40fe93e1ccdd6b2e1d16c43140e76f02fb1319a05cf2b79d99430", size = 12352, upload-time = "2024-10-18T15:21:25.382Z" },
    { url = "https://files.pythonhosted.org/packages/d2/f5/6eadfcd3885ea85fe2a7c128315cc1bb7241e1987443d78c8fe712d03091/MarkupSafe-3.0.2-cp313-cp313-manylinux_2_17_aarch64.manylinux2014_aarch64.whl", hash = "sha256:569511d3b58c8791ab4c2e1285575265991e6d8f8700c7be0e88f86cb0672094", size = 24122, upload-time = "2024-10-18T15:21:26.199Z" },
    { url = "https://files.pythonhosted.org/packages/0c/91/96cf928db8236f1bfab6ce15ad070dfdd02ed88261c2afafd4b43575e9e9/MarkupSafe-3.0.2-cp313-cp313-manylinux_2_17_x86_64.manylinux2014_x86_64.whl", hash = "sha256:15ab75ef81add55874e7ab7055e9c397312385bd9ced94920f2802310c930396", size = 23085, upload-time = "2024-10-18T15:21:27.029Z" },
    { url = "https://files.pythonhosted.org/packages/c2/cf/c9d56af24d56ea04daae7ac0940232d31d5a8354f2b457c6d856b2057d69/MarkupSafe-3.0.2-cp313-cp313-manylinux_2_5_i686.manylinux1_i686.manylinux_2_17_i686.manylinux2014_i686.whl", hash = "sha256:f3818cb119498c0678015754eba762e0d61e5b52d34c8b13d770f0719f7b1d79", size = 22978, upload-time = "2024-10-18T15:21:27.846Z" },
    { url = "https://files.pythonhosted.org/packages/2a/9f/8619835cd6a711d6272d62abb78c033bda638fdc54c4e7f4272cf1c0962b/MarkupSafe-3.0.2-cp313-cp313-musllinux_1_2_aarch64.whl", hash = "sha256:cdb82a876c47801bb54a690c5ae105a46b392ac6099881cdfb9f6e95e4014c6a", size = 24208, upload-time = "2024-10-18T15:21:28.744Z" },
    { url = "https://files.pythonhosted.org/packages/f9/bf/176950a1792b2cd2102b8ffeb5133e1ed984547b75db47c25a67d3359f77/MarkupSafe-3.0.2-cp313-cp313-musllinux_1_2_i686.whl", hash = "sha256:cabc348d87e913db6ab4aa100f01b08f481097838bdddf7c7a84b7575b7309ca", size = 23357, upload-time = "2024-10-18T15:21:29.545Z" },
    { url = "https://files.pythonhosted.org/packages/ce/4f/9a02c1d335caabe5c4efb90e1b6e8ee944aa245c1aaaab8e8a618987d816/MarkupSafe-3.0.2-cp313-cp313-musllinux_1_2_x86_64.whl", hash = "sha256:444dcda765c8a838eaae23112db52f1efaf750daddb2d9ca300bcae1039adc5c", size = 23344, upload-time = "2024-10-18T15:21:30.366Z" },
    { url = "https://files.pythonhosted.org/packages/ee/55/c271b57db36f748f0e04a759ace9f8f759ccf22b4960c270c78a394f58be/MarkupSafe-3.0.2-cp313-cp313-win32.whl", hash = "sha256:bcf3e58998965654fdaff38e58584d8937aa3096ab5354d493c77d1fdd66d7a1", size = 15101, upload-time = "2024-10-18T15:21:31.207Z" },
    { url = "https://files.pythonhosted.org/packages/29/88/07df22d2dd4df40aba9f3e402e6dc1b8ee86297dddbad4872bd5e7b0094f/MarkupSafe-3.0.2-cp313-cp313-win_amd64.whl", hash = "sha256:e6a2a455bd412959b57a172ce6328d2dd1f01cb2135efda2e4576e8a23fa3b0f", size = 15603, upload-time = "2024-10-18T15:21:32.032Z" },
    { url = "https://files.pythonhosted.org/packages/62/6a/8b89d24db2d32d433dffcd6a8779159da109842434f1dd2f6e71f32f738c/MarkupSafe-3.0.2-cp313-cp313t-macosx_10_13_universal2.whl", hash = "sha256:b5a6b3ada725cea8a5e634536b1b01c30bcdcd7f9c6fff4151548d5bf6b3a36c", size = 14510, upload-time = "2024-10-18T15:21:33.625Z" },
    { url = "https://files.pythonhosted.org/packages/7a/06/a10f955f70a2e5a9bf78d11a161029d278eeacbd35ef806c3fd17b13060d/MarkupSafe-3.0.2-cp313-cp313t-macosx_11_0_arm64.whl", hash = "sha256:a904af0a6162c73e3edcb969eeeb53a63ceeb5d8cf642fade7d39e7963a22ddb", size = 12486, upload-time = "2024-10-18T15:21:34.611Z" },
    { url = "https://files.pythonhosted.org/packages/34/cf/65d4a571869a1a9078198ca28f39fba5fbb910f952f9dbc5220afff9f5e6/MarkupSafe-3.0.2-cp313-cp313t-manylinux_2_17_aarch64.manylinux2014_aarch64.whl", hash = "sha256:4aa4e5faecf353ed117801a068ebab7b7e09ffb6e1d5e412dc852e0da018126c", size = 25480, upload-time = "2024-10-18T15:21:35.398Z" },
    { url = "https://files.pythonhosted.org/packages/0c/e3/90e9651924c430b885468b56b3d597cabf6d72be4b24a0acd1fa0e12af67/MarkupSafe-3.0.2-cp313-cp313t-manylinux_2_17_x86_64.manylinux2014_x86_64.whl", hash = "sha256:c0ef13eaeee5b615fb07c9a7dadb38eac06a0608b41570d8ade51c56539e509d", size = 23914, upload-time = "2024-10-18T15:21:36.231Z" },
    { url = "https://files.pythonhosted.org/packages/66/8c/6c7cf61f95d63bb866db39085150df1f2a5bd3335298f14a66b48e92659c/MarkupSafe-3.0.2-cp313-cp313t-manylinux_2_5_i686.manylinux1_i686.manylinux_2_17_i686.manylinux2014_i686.whl", hash = "sha256:d16a81a06776313e817c951135cf7340a3e91e8c1ff2fac444cfd75fffa04afe", size = 23796, upload-time = "2024-10-18T15:21:37.073Z" },
    { url = "https://files.pythonhosted.org/packages/bb/35/cbe9238ec3f47ac9a7c8b3df7a808e7cb50fe149dc7039f5f454b3fba218/MarkupSafe-3.0.2-cp313-cp313t-musllinux_1_2_aarch64.whl", hash = "sha256:6381026f158fdb7c72a168278597a5e3a5222e83ea18f543112b2662a9b699c5", size = 25473, upload-time = "2024-10-18T15:21:37.932Z" },
    { url = "https://files.pythonhosted.org/packages/e6/32/7621a4382488aa283cc05e8984a9c219abad3bca087be9ec77e89939ded9/MarkupSafe-3.0.2-cp313-cp313t-musllinux_1_2_i686.whl", hash = "sha256:3d79d162e7be8f996986c064d1c7c817f6df3a77fe3d6859f6f9e7be4b8c213a", size = 24114, upload-time = "2024-10-18T15:21:39.799Z" },
    { url = "https://files.pythonhosted.org/packages/0d/80/0985960e4b89922cb5a0bac0ed39c5b96cbc1a536a99f30e8c220a996ed9/MarkupSafe-3.0.2-cp313-cp313t-musllinux_1_2_x86_64.whl", hash = "sha256:131a3c7689c85f5ad20f9f6fb1b866f402c445b220c19fe4308c0b147ccd2ad9", size = 24098, upload-time = "2024-10-18T15:21:40.813Z" },
    { url = "https://files.pythonhosted.org/packages/82/78/fedb03c7d5380df2427038ec8d973587e90561b2d90cd472ce9254cf348b/MarkupSafe-3.0.2-cp313-cp313t-win32.whl", hash = "sha256:ba8062ed2cf21c07a9e295d5b8a2a5ce678b913b45fdf68c32d95d6c1291e0b6", size = 15208, upload-time = "2024-10-18T15:21:41.814Z" },
    { url = "https://files.pythonhosted.org/packages/4f/65/6079a46068dfceaeabb5dcad6d674f5f5c61a6fa5673746f42a9f4c233b3/MarkupSafe-3.0.2-cp313-cp313t-win_amd64.whl", hash = "sha256:e444a31f8db13eb18ada366ab3cf45fd4b31e4db1236a4448f68778c1d1a5a2f", size = 15739, upload-time = "2024-10-18T15:21:42.784Z" },
]

[[package]]
name = "mutagen"
version = "1.47.0"
source = { registry = "https://pypi.org/simple" }
sdist = { url = "https://files.pythonhosted.org/packages/81/e6/64bc71b74eef4b68e61eb921dcf72dabd9e4ec4af1e11891bbd312ccbb77/mutagen-1.47.0.tar.gz", hash = "sha256:719fadef0a978c31b4cf3c956261b3c58b6948b32023078a2117b1de09f0fc99", size = 1274186, upload-time = "2023-09-03T16:33:33.411Z" }
wheels = [
    { url = "https://files.pythonhosted.org/packages/b0/7a/620f945b96be1f6ee357d211d5bf74ab1b7fe72a9f1525aafbfe3aee6875/mutagen-1.47.0-py3-none-any.whl", hash = "sha256:edd96f50c5907a9539d8e5bba7245f62c9f520aef333d13392a79a4f70aca719", size = 194391, upload-time = "2023-09-03T16:33:29.955Z" },
]

[[package]]
name = "notch"
version = "2025.2"
source = { registry = "https://pypi.org/simple" }
sdist = { url = "https://files.pythonhosted.org/packages/89/e4/b468a58c6be0c77585b51136d1bb9a978753f677e38e1e182d9ac0e42ef1/notch-2025.2.tar.gz", hash = "sha256:fedbe3d8bbaf41bf60e363b5957cf3e7734d9d5534816f04b538bbf81b0a60c0", size = 3463, upload-time = "2025-04-28T17:25:30.288Z" }
wheels = [
    { url = "https://files.pythonhosted.org/packages/c2/11/ef4257cbf5315308d72cf718524f566685c503493cef40ae3926f222e650/notch-2025.2-py3-none-any.whl", hash = "sha256:b8cf6d787a78b63060f8900000e45dd0247759849188ff4bfc55f06077e33614", size = 3675, upload-time = "2025-04-28T17:25:29.212Z" },
]

[[package]]
name = "psycopg2-binary"
version = "2.9.11"
source = { registry = "https://pypi.org/simple" }
sdist = { url = "https://files.pythonhosted.org/packages/ac/6c/8767aaa597ba424643dc87348c6f1754dd9f48e80fdc1b9f7ca5c3a7c213/psycopg2-binary-2.9.11.tar.gz", hash = "sha256:b6aed9e096bf63f9e75edf2581aa9a7e7186d97ab5c177aa6c87797cd591236c", size = 379620, upload-time = "2025-10-10T11:14:48.041Z" }
wheels = [
    { url = "https://files.pythonhosted.org/packages/ff/a8/a2709681b3ac11b0b1786def10006b8995125ba268c9a54bea6f5ae8bd3e/psycopg2_binary-2.9.11-cp313-cp313-macosx_10_13_x86_64.whl", hash = "sha256:b8fb3db325435d34235b044b199e56cdf9ff41223a4b9752e8576465170bb38c", size = 3756572, upload-time = "2025-10-10T11:12:32.873Z" },
    { url = "https://files.pythonhosted.org/packages/62/e1/c2b38d256d0dafd32713e9f31982a5b028f4a3651f446be70785f484f472/psycopg2_binary-2.9.11-cp313-cp313-macosx_11_0_arm64.whl", hash = "sha256:366df99e710a2acd90efed3764bb1e28df6c675d33a7fb40df9b7281694432ee", size = 3864529, upload-time = "2025-10-10T11:12:36.791Z" },
    { url = "https://files.pythonhosted.org/packages/11/32/b2ffe8f3853c181e88f0a157c5fb4e383102238d73c52ac6d93a5c8bffe6/psycopg2_binary-2.9.11-cp313-cp313-manylinux2014_aarch64.manylinux_2_17_aarch64.whl", hash = "sha256:8c55b385daa2f92cb64b12ec4536c66954ac53654c7f15a203578da4e78105c0", size = 4411242, upload-time = "2025-10-10T11:12:42.388Z" },
    { url = "https://files.pythonhosted.org/packages/10/04/6ca7477e6160ae258dc96f67c371157776564679aefd247b66f4661501a2/psycopg2_binary-2.9.11-cp313-cp313-manylinux2014_ppc64le.manylinux_2_17_ppc64le.whl", hash = "sha256:c0377174bf1dd416993d16edc15357f6eb17ac998244cca19bc67cdc0e2e5766", size = 4468258, upload-time = "2025-10-10T11:12:48.654Z" },
    { url = "https://files.pythonhosted.org/packages/3c/7e/6a1a38f86412df101435809f225d57c1a021307dd0689f7a5e7fe83588b1/psycopg2_binary-2.9.11-cp313-cp313-manylinux2014_x86_64.manylinux_2_17_x86_64.whl", hash = "sha256:5c6ff3335ce08c75afaed19e08699e8aacf95d4a260b495a4a8545244fe2ceb3", size = 4166295, upload-time = "2025-10-10T11:12:52.525Z" },
    { url = "https://files.pythonhosted.org/packages/f2/7d/c07374c501b45f3579a9eb761cbf2604ddef3d96ad48679112c2c5aa9c25/psycopg2_binary-2.9.11-cp313-cp313-manylinux_2_38_riscv64.manylinux_2_39_riscv64.whl", hash = "sha256:84011ba3109e06ac412f95399b704d3d6950e386b7994475b231cf61eec2fc1f", size = 3983133, upload-time = "2025-10-30T02:55:24.329Z" },
    { url = "https://files.pythonhosted.org/packages/82/56/993b7104cb8345ad7d4516538ccf8f0d0ac640b1ebd8c754a7b024e76878/psycopg2_binary-2.9.11-cp313-cp313-musllinux_1_2_aarch64.whl", hash = "sha256:ba34475ceb08cccbdd98f6b46916917ae6eeb92b5ae111df10b544c3a4621dc4", size = 3652383, upload-time = "2025-10-10T11:12:56.387Z" },
    { url = "https://files.pythonhosted.org/packages/2d/ac/eaeb6029362fd8d454a27374d84c6866c82c33bfc24587b4face5a8e43ef/psycopg2_binary-2.9.11-cp313-cp313-musllinux_1_2_ppc64le.whl", hash = "sha256:b31e90fdd0f968c2de3b26ab014314fe814225b6c324f770952f7d38abf17e3c", size = 3298168, upload-time = "2025-10-10T11:13:00.403Z" },
    { url = "https://files.pythonhosted.org/packages/2b/39/50c3facc66bded9ada5cbc0de867499a703dc6bca6be03070b4e3b65da6c/psycopg2_binary-2.9.11-cp313-cp313-musllinux_1_2_riscv64.whl", hash = "sha256:d526864e0f67f74937a8fce859bd56c979f5e2ec57ca7c627f5f1071ef7fee60", size = 3044712, upload-time = "2025-10-30T02:55:27.975Z" },
    { url = "https://files.pythonhosted.org/packages/9c/8e/b7de019a1f562f72ada81081a12823d3c1590bedc48d7d2559410a2763fe/psycopg2_binary-2.9.11-cp313-cp313-musllinux_1_2_x86_64.whl", hash = "sha256:04195548662fa544626c8ea0f06561eb6203f1984ba5b4562764fbeb4c3d14b1", size = 3347549, upload-time = "2025-10-10T11:13:03.971Z" },
    { url = "https://files.pythonhosted.org/packages/80/2d/1bb683f64737bbb1f86c82b7359db1eb2be4e2c0c13b947f80efefa7d3e5/psycopg2_binary-2.9.11-cp313-cp313-win_amd64.whl", hash = "sha256:efff12b432179443f54e230fdf60de1f6cc726b6c832db8701227d089310e8aa", size = 2714215, upload-time = "2025-10-10T11:13:07.14Z" },
    { url = "https://files.pythonhosted.org/packages/64/12/93ef0098590cf51d9732b4f139533732565704f45bdc1ffa741b7c95fb54/psycopg2_binary-2.9.11-cp314-cp314-macosx_10_13_x86_64.whl", hash = "sha256:92e3b669236327083a2e33ccfa0d320dd01b9803b3e14dd986a4fc54aa00f4e1", size = 3756567, upload-time = "2025-10-10T11:13:11.885Z" },
    { url = "https://files.pythonhosted.org/packages/7c/a9/9d55c614a891288f15ca4b5209b09f0f01e3124056924e17b81b9fa054cc/psycopg2_binary-2.9.11-cp314-cp314-macosx_11_0_arm64.whl", hash = "sha256:e0deeb03da539fa3577fcb0b3f2554a97f7e5477c246098dbb18091a4a01c16f", size = 3864755, upload-time = "2025-10-10T11:13:17.727Z" },
    { url = "https://files.pythonhosted.org/packages/13/1e/98874ce72fd29cbde93209977b196a2edae03f8490d1bd8158e7f1daf3a0/psycopg2_binary-2.9.11-cp314-cp314-manylinux2014_aarch64.manylinux_2_17_aarch64.whl", hash = "sha256:9b52a3f9bb540a3e4ec0f6ba6d31339727b2950c9772850d6545b7eae0b9d7c5", size = 4411646, upload-time = "2025-10-10T11:13:24.432Z" },
    { url = "https://files.pythonhosted.org/packages/5a/bd/a335ce6645334fb8d758cc358810defca14a1d19ffbc8a10bd38a2328565/psycopg2_binary-2.9.11-cp314-cp314-manylinux2014_ppc64le.manylinux_2_17_ppc64le.whl", hash = "sha256:db4fd476874ccfdbb630a54426964959e58da4c61c9feba73e6094d51303d7d8", size = 4468701, upload-time = "2025-10-10T11:13:29.266Z" },
    { url = "https://files.pythonhosted.org/packages/44/d6/c8b4f53f34e295e45709b7568bf9b9407a612ea30387d35eb9fa84f269b4/psycopg2_binary-2.9.11-cp314-cp314-manylinux2014_x86_64.manylinux_2_17_x86_64.whl", hash = "sha256:47f212c1d3be608a12937cc131bd85502954398aaa1320cb4c14421a0ffccf4c", size = 4166293, upload-time = "2025-10-10T11:13:33.336Z" },
    { url = "https://files.pythonhosted.org/packages/4b/e0/f8cc36eadd1b716ab36bb290618a3292e009867e5c97ce4aba908cb99644/psycopg2_binary-2.9.11-cp314-cp314-manylinux_2_38_riscv64.manylinux_2_39_riscv64.whl", hash = "sha256:e35b7abae2b0adab776add56111df1735ccc71406e56203515e228a8dc07089f", size = 3983184, upload-time = "2025-10-30T02:55:32.483Z" },
    { url = "https://files.pythonhosted.org/packages/53/3e/2a8fe18a4e61cfb3417da67b6318e12691772c0696d79434184a511906dc/psycopg2_binary-2.9.11-cp314-cp314-musllinux_1_2_aarch64.whl", hash = "sha256:fcf21be3ce5f5659daefd2b3b3b6e4727b028221ddc94e6c1523425579664747", size = 3652650, upload-time = "2025-10-10T11:13:38.181Z" },
    { url = "https://files.pythonhosted.org/packages/76/36/03801461b31b29fe58d228c24388f999fe814dfc302856e0d17f97d7c54d/psycopg2_binary-2.9.11-cp314-cp314-musllinux_1_2_ppc64le.whl", hash = "sha256:9bd81e64e8de111237737b29d68039b9c813bdf520156af36d26819c9a979e5f", size = 3298663, upload-time = "2025-10-10T11:13:44.878Z" },
    { url = "https://files.pythonhosted.org/packages/97/77/21b0ea2e1a73aa5fa9222b2a6b8ba325c43c3a8d54272839c991f2345656/psycopg2_binary-2.9.11-cp314-cp314-musllinux_1_2_riscv64.whl", hash = "sha256:32770a4d666fbdafab017086655bcddab791d7cb260a16679cc5a7338b64343b", size = 3044737, upload-time = "2025-10-30T02:55:35.69Z" },
    { url = "https://files.pythonhosted.org/packages/67/69/f36abe5f118c1dca6d3726ceae164b9356985805480731ac6712a63f24f0/psycopg2_binary-2.9.11-cp314-cp314-musllinux_1_2_x86_64.whl", hash = "sha256:c3cb3a676873d7506825221045bd70e0427c905b9c8ee8d6acd70cfcbd6e576d", size = 3347643, upload-time = "2025-10-10T11:13:53.499Z" },
    { url = "https://files.pythonhosted.org/packages/e1/36/9c0c326fe3a4227953dfb29f5d0c8ae3b8eb8c1cd2967aa569f50cb3c61f/psycopg2_binary-2.9.11-cp314-cp314-win_amd64.whl", hash = "sha256:4012c9c954dfaccd28f94e84ab9f94e12df76b4afb22331b1f0d3154893a6316", size = 2803913, upload-time = "2025-10-10T11:13:57.058Z" },
]

[[package]]
name = "rainwave-library"
version = "2025.0"
source = { virtual = "." }
dependencies = [
    { name = "flask" },
    { name = "fort" },
    { name = "htpy" },
    { name = "httpx" },
    { name = "mutagen" },
    { name = "notch" },
    { name = "psycopg2-binary" },
    { name = "waitress" },
    { name = "xlsxwriter" },
]

[package.dev-dependencies]
dev = [
    { name = "ruff" },
    { name = "ty" },
]

[package.metadata]
requires-dist = [
    { name = "flask", specifier = ">=3.1.0" },
    { name = "fort", specifier = ">=2024.2" },
    { name = "htpy", specifier = ">=25.7.0" },
    { name = "httpx", specifier = ">=0.28.1" },
    { name = "mutagen", specifier = ">=1.47.0" },
    { name = "notch", specifier = ">=2025.2" },
    { name = "psycopg2-binary", specifier = ">=2.9.10" },
    { name = "waitress", specifier = ">=3.0.2" },
    { name = "xlsxwriter", specifier = ">=3.2.3" },
]

[package.metadata.requires-dev]
dev = [
    { name = "ruff", specifier = ">=0.14.0" },
    { name = "ty", specifier = ">=0.0.1a33" },
]

[[package]]
name = "ruff"
version = "0.14.10"
source = { registry = "https://pypi.org/simple" }
sdist = { url = "https://files.pythonhosted.org/packages/57/08/52232a877978dd8f9cf2aeddce3e611b40a63287dfca29b6b8da791f5e8d/ruff-0.14.10.tar.gz", hash = "sha256:9a2e830f075d1a42cd28420d7809ace390832a490ed0966fe373ba288e77aaf4", size = 5859763, upload-time = "2025-12-18T19:28:57.98Z" }
wheels = [
    { url = "https://files.pythonhosted.org/packages/60/01/933704d69f3f05ee16ef11406b78881733c186fe14b6a46b05cfcaf6d3b2/ruff-0.14.10-py3-none-linux_armv6l.whl", hash = "sha256:7a3ce585f2ade3e1f29ec1b92df13e3da262178df8c8bdf876f48fa0e8316c49", size = 13527080, upload-time = "2025-12-18T19:29:25.642Z" },
    { url = "https://files.pythonhosted.org/packages/df/58/a0349197a7dfa603ffb7f5b0470391efa79ddc327c1e29c4851e85b09cc5/ruff-0.14.10-py3-none-macosx_10_12_x86_64.whl", hash = "sha256:674f9be9372907f7257c51f1d4fc902cb7cf014b9980152b802794317941f08f", size = 13797320, upload-time = "2025-12-18T19:29:02.571Z" },
    { url = "https://files.pythonhosted.org/packages/7b/82/36be59f00a6082e38c23536df4e71cdbc6af8d7c707eade97fcad5c98235/ruff-0.14.10-py3-none-macosx_11_0_arm64.whl", hash = "sha256:d85713d522348837ef9df8efca33ccb8bd6fcfc86a2cde3ccb4bc9d28a18003d", size = 12918434, upload-time = "2025-12-18T19:28:51.202Z" },
    { url = "https://files.pythonhosted.org/packages/a6/00/45c62a7f7e34da92a25804f813ebe05c88aa9e0c25e5cb5a7d23dd7450e3/ruff-0.14.10-py3-none-manylinux_2_17_aarch64.manylinux2014_aarch64.whl", hash = "sha256:6987ebe0501ae4f4308d7d24e2d0fe3d7a98430f5adfd0f1fead050a740a3a77", size = 13371961, upload-time = "2025-12-18T19:29:04.991Z" },
    { url = "https://files.pythonhosted.org/packages/40/31/a5906d60f0405f7e57045a70f2d57084a93ca7425f22e1d66904769d1628/ruff-0.14.10-py3-none-manylinux_2_17_armv7l.manylinux2014_armv7l.whl", hash = "sha256:16a01dfb7b9e4eee556fbfd5392806b1b8550c9b4a9f6acd3dbe6812b193c70a", size = 13275629, upload-time = "2025-12-18T19:29:21.381Z" },
    { url = "https://files.pythonhosted.org/packages/3e/60/61c0087df21894cf9d928dc04bcd4fb10e8b2e8dca7b1a276ba2155b2002/ruff-0.14.10-py3-none-manylinux_2_17_i686.manylinux2014_i686.whl", hash = "sha256:7165d31a925b7a294465fa81be8c12a0e9b60fb02bf177e79067c867e71f8b1f", size = 14029234, upload-time = "2025-12-18T19:29:00.132Z" },
    { url = "https://files.pythonhosted.org/packages/44/84/77d911bee3b92348b6e5dab5a0c898d87084ea03ac5dc708f46d88407def/ruff-0.14.10-py3-none-manylinux_2_17_ppc64.manylinux2014_ppc64.whl", hash = "sha256:c561695675b972effb0c0a45db233f2c816ff3da8dcfbe7dfc7eed625f218935", size = 15449890, upload-time = "2025-12-18T19:28:53.573Z" },
    { url = "https://files.pythonhosted.org/packages/e9/36/480206eaefa24a7ec321582dda580443a8f0671fdbf6b1c80e9c3e93a16a/ruff-0.14.10-py3-none-manylinux_2_17_ppc64le.manylinux2014_ppc64le.whl", hash = "sha256:4bb98fcbbc61725968893682fd4df8966a34611239c9fd07a1f6a07e7103d08e", size = 15123172, upload-time = "2025-12-18T19:29:23.453Z" },
    { url = "https://files.pythonhosted.org/packages/5c/38/68e414156015ba80cef5473d57919d27dfb62ec804b96180bafdeaf0e090/ruff-0.14.10-py3-none-manylinux_2_17_s390x.manylinux2014_s390x.whl", hash = "sha256:f24b47993a9d8cb858429e97bdf8544c78029f09b520af615c1d261bf827001d", size = 14460260, upload-time = "2025-12-18T19:29:27.808Z" },
    { url = "https://files.pythonhosted.org/packages/b3/19/9e050c0dca8aba824d67cc0db69fb459c28d8cd3f6855b1405b3f29cc91d/ruff-0.14.10-py3-none-manylinux_2_17_x86_64.manylinux2014_x86_64.whl", hash = "sha256:59aabd2e2c4fd614d2862e7939c34a532c04f1084476d6833dddef4afab87e9f", size = 14229978, upload-time = "2025-12-18T19:29:11.32Z" },
    { url = "https://files.pythonhosted.org/packages/51/eb/e8dd1dd6e05b9e695aa9dd420f4577debdd0f87a5ff2fedda33c09e9be8c/ruff-0.14.10-py3-none-manylinux_2_31_riscv64.whl", hash = "sha256:213db2b2e44be8625002dbea33bb9c60c66ea2c07c084a00d55732689d697a7f", size = 14338036, upload-time = "2025-12-18T19:29:09.184Z" },
    { url = "https://files.pythonhosted.org/packages/6a/12/f3e3a505db7c19303b70af370d137795fcfec136d670d5de5391e295c134/ruff-0.14.10-py3-none-musllinux_1_2_aarch64.whl", hash = "sha256:b914c40ab64865a17a9a5b67911d14df72346a634527240039eb3bd650e5979d", size = 13264051, upload-time = "2025-12-18T19:29:13.431Z" },
    { url = "https://files.pythonhosted.org/packages/08/64/8c3a47eaccfef8ac20e0484e68e0772013eb85802f8a9f7603ca751eb166/ruff-0.14.10-py3-none-musllinux_1_2_armv7l.whl", hash = "sha256:1484983559f026788e3a5c07c81ef7d1e97c1c78ed03041a18f75df104c45405", size = 13283998, upload-time = "2025-12-18T19:29:06.994Z" },
    { url = "https://files.pythonhosted.org/packages/12/84/534a5506f4074e5cc0529e5cd96cfc01bb480e460c7edf5af70d2bcae55e/ruff-0.14.10-py3-none-musllinux_1_2_i686.whl", hash = "sha256:c70427132db492d25f982fffc8d6c7535cc2fd2c83fc8888f05caaa248521e60", size = 13601891, upload-time = "2025-12-18T19:28:55.811Z" },
    { url = "https://files.pythonhosted.org/packages/0d/1e/14c916087d8598917dbad9b2921d340f7884824ad6e9c55de948a93b106d/ruff-0.14.10-py3-none-musllinux_1_2_x86_64.whl", hash = "sha256:5bcf45b681e9f1ee6445d317ce1fa9d6cba9a6049542d1c3d5b5958986be8830", size = 14336660, upload-time = "2025-12-18T19:29:16.531Z" },
    { url = "https://files.pythonhosted.org/packages/f2/1c/d7b67ab43f30013b47c12b42d1acd354c195351a3f7a1d67f59e54227ede/ruff-0.14.10-py3-none-win32.whl", hash = "sha256:104c49fc7ab73f3f3a758039adea978869a918f31b73280db175b43a2d9b51d6", size = 13196187, upload-time = "2025-12-18T19:29:19.006Z" },
    { url = "https://files.pythonhosted.org/packages/fb/9c/896c862e13886fae2af961bef3e6312db9ebc6adc2b156fe95e615dee8c1/ruff-0.14.10-py3-none-win_amd64.whl", hash = "sha256:466297bd73638c6bdf06485683e812db1c00c7ac96d4ddd0294a338c62fdc154", size = 14661283, upload-time = "2025-12-18T19:29:30.16Z" },
    { url = "https://files.pythonhosted.org/packages/74/31/b0e29d572670dca3674eeee78e418f20bdf97fa8aa9ea71380885e175ca0/ruff-0.14.10-py3-none-win_arm64.whl", hash = "sha256:e51d046cf6dda98a4633b8a8a771451107413b0f07183b2bef03f075599e44e6", size = 13729839, upload-time = "2025-12-18T19:28:48.636Z" },
]

[[package]]
name = "sniffio"
version = "1.3.1"
source = { registry = "https://pypi.org/simple" }
sdist = { url = "https://files.pythonhosted.org/packages/a2/87/a6771e1546d97e7e041b6ae58d80074f81b7d5121207425c964ddf5cfdbd/sniffio-1.3.1.tar.gz", hash = "sha256:f4324edc670a0f49750a81b895f35c3adb843cca46f0530f79fc1babb23789dc", size = 20372, upload-time = "2024-02-25T23:20:04.057Z" }
wheels = [
    { url = "https://files.pythonhosted.org/packages/e9/44/75a9c9421471a6c4805dbf2356f7c181a29c1879239abab1ea2cc8f38b40/sniffio-1.3.1-py3-none-any.whl", hash = "sha256:2f6da418d1f1e0fddd844478f41680e794e6051915791a034ff65e5f100525a2", size = 10235, upload-time = "2024-02-25T23:20:01.196Z" },
]

[[package]]
name = "ty"
version = "0.0.8"
source = { registry = "https://pypi.org/simple" }
sdist = { url = "https://files.pythonhosted.org/packages/72/9d/59e955cc39206a0d58df5374808785c45ec2a8a2a230eb1638fbb4fe5c5d/ty-0.0.8.tar.gz", hash = "sha256:352ac93d6e0050763be57ad1e02087f454a842887e618ec14ac2103feac48676", size = 4828477, upload-time = "2025-12-29T13:50:07.193Z" }
wheels = [
    { url = "https://files.pythonhosted.org/packages/69/2b/dd61f7e50a69c72f72c625d026e9ab64a0db62b2dd32e7426b520e2429c6/ty-0.0.8-py3-none-linux_armv6l.whl", hash = "sha256:a289d033c5576fa3b4a582b37d63395edf971cdbf70d2d2e6b8c95638d1a4fcd", size = 9853417, upload-time = "2025-12-29T13:50:08.979Z" },
    { url = "https://files.pythonhosted.org/packages/90/72/3f1d3c64a049a388e199de4493689a51fc6aa5ff9884c03dea52b4966657/ty-0.0.8-py3-none-macosx_10_12_x86_64.whl", hash = "sha256:788ea97dc8153a94e476c4d57b2551a9458f79c187c4aba48fcb81f05372924a", size = 9657890, upload-time = "2025-12-29T13:50:27.867Z" },
    { url = "https://files.pythonhosted.org/packages/71/d1/08ac676bd536de3c2baba0deb60e67b3196683a2fabebfd35659d794b5e9/ty-0.0.8-py3-none-macosx_11_0_arm64.whl", hash = "sha256:1b5f1f3d3e230f35a29e520be7c3d90194a5229f755b721e9092879c00842d31", size = 9180129, upload-time = "2025-12-29T13:50:22.842Z" },
    { url = "https://files.pythonhosted.org/packages/af/93/610000e2cfeea1875900f73a375ba917624b0a008d4b8a6c18c894c8dbbc/ty-0.0.8-py3-none-manylinux_2_17_aarch64.manylinux2014_aarch64.whl", hash = "sha256:6da9ed377fbbcec0a3b60b2ca5fd30496e15068f47cef2344ba87923e78ba996", size = 9683517, upload-time = "2025-12-29T13:50:18.658Z" },
    { url = "https://files.pythonhosted.org/packages/05/04/bef50ba7d8580b0140be597de5cc0ba9a63abe50d3f65560235f23658762/ty-0.0.8-py3-none-manylinux_2_17_armv7l.manylinux2014_armv7l.whl", hash = "sha256:7d0a2bdce5e701d19eb8d46d9da0fe31340f079cecb7c438f5ac6897c73fc5ba", size = 9676279, upload-time = "2025-12-29T13:50:25.207Z" },
    { url = "https://files.pythonhosted.org/packages/aa/b9/2aff1ef1f41b25898bc963173ae67fc8f04ca666ac9439a9c4e78d5cc0ff/ty-0.0.8-py3-none-manylinux_2_17_i686.manylinux2014_i686.whl", hash = "sha256:ef9078799d26d3cc65366e02392e2b78f64f72911b599e80a8497d2ec3117ddb", size = 10073015, upload-time = "2025-12-29T13:50:35.422Z" },
    { url = "https://files.pythonhosted.org/packages/df/0e/9feb6794b6ff0a157c3e6a8eb6365cbfa3adb9c0f7976e2abdc48615dd72/ty-0.0.8-py3-none-manylinux_2_17_ppc64.manylinux2014_ppc64.whl", hash = "sha256:54814ac39b4ab67cf111fc0a236818155cf49828976152378347a7678d30ee89", size = 10961649, upload-time = "2025-12-29T13:49:58.717Z" },
    { url = "https://files.pythonhosted.org/packages/f4/3b/faf7328b14f00408f4f65c9d01efe52e11b9bcc4a79e06187b370457b004/ty-0.0.8-py3-none-manylinux_2_17_ppc64le.manylinux2014_ppc64le.whl", hash = "sha256:c4baf0a80398e8b6c68fa36ff85045a50ede1906cd4edb41fb4fab46d471f1d4", size = 10676190, upload-time = "2025-12-29T13:50:01.11Z" },
    { url = "https://files.pythonhosted.org/packages/64/a5/cfeca780de7eeab7852c911c06a84615a174d23e9ae08aae42a645771094/ty-0.0.8-py3-none-manylinux_2_17_s390x.manylinux2014_s390x.whl", hash = "sha256:ac8e23c3faefc579686799ef1649af8d158653169ad5c3a7df56b152781eeb67", size = 10438641, upload-time = "2025-12-29T13:50:29.664Z" },
    { url = "https://files.pythonhosted.org/packages/0e/8d/8667c7e0ac9f13c461ded487c8d7350f440cd39ba866d0160a8e1b1efd6c/ty-0.0.8-py3-none-manylinux_2_17_x86_64.manylinux2014_x86_64.whl", hash = "sha256:b558a647a073d0c25540aaa10f8947de826cb8757d034dd61ecf50ab8dbd77bf", size = 10214082, upload-time = "2025-12-29T13:50:31.531Z" },
    { url = "https://files.pythonhosted.org/packages/f8/11/e563229870e2c1d089e7e715c6c3b7605a34436dddf6f58e9205823020c2/ty-0.0.8-py3-none-musllinux_1_2_aarch64.whl", hash = "sha256:8c0104327bf480508bd81f320e22074477df159d9eff85207df39e9c62ad5e96", size = 9664364, upload-time = "2025-12-29T13:50:05.443Z" },
    { url = "https://files.pythonhosted.org/packages/b1/ad/05b79b778bf5237bcd7ee08763b226130aa8da872cbb151c8cfa2e886203/ty-0.0.8-py3-none-musllinux_1_2_armv7l.whl", hash = "sha256:496f1cb87261dd1a036a5609da80ee13de2e6ee4718a661bfa2afb91352fe528", size = 9679440, upload-time = "2025-12-29T13:50:11.289Z" },
    { url = "https://files.pythonhosted.org/packages/12/b5/23ba887769c4a7b8abfd1b6395947dc3dcc87533fbf86379d3a57f87ae8f/ty-0.0.8-py3-none-musllinux_1_2_i686.whl", hash = "sha256:2c488031f92a075ae39d13ac6295fdce2141164ec38c5d47aa8dc24ee3afa37e", size = 9808201, upload-time = "2025-12-29T13:50:21.003Z" },
    { url = "https://files.pythonhosted.org/packages/f8/90/5a82ac0a0707db55376922aed80cd5fca6b2e6d6e9bcd8c286e6b43b4084/ty-0.0.8-py3-none-musllinux_1_2_x86_64.whl", hash = "sha256:90d6f08c5982fa3e802b8918a32e326153519077b827f91c66eea4913a86756a", size = 10313262, upload-time = "2025-12-29T13:50:03.306Z" },
    { url = "https://files.pythonhosted.org/packages/14/f7/ff97f37f0a75db9495ddbc47738ec4339837867c4bfa145bdcfbd0d1eb2f/ty-0.0.8-py3-none-win32.whl", hash = "sha256:d7f460ad6fc9325e9cc8ea898949bbd88141b4609d1088d7ede02ce2ef06e776", size = 9254675, upload-time = "2025-12-29T13:50:33.35Z" },
    { url = "https://files.pythonhosted.org/packages/af/51/eba5d83015e04630002209e3590c310a0ff1d26e1815af204a322617a42e/ty-0.0.8-py3-none-win_amd64.whl", hash = "sha256:1641fb8dedc3d2da43279d21c3c7c1f80d84eae5c264a1e8daa544458e433c19", size = 10131382, upload-time = "2025-12-29T13:50:13.719Z" },
    { url = "https://files.pythonhosted.org/packages/38/1c/0d8454ff0f0f258737ecfe84f6e508729191d29663b404832f98fa5626b7/ty-0.0.8-py3-none-win_arm64.whl", hash = "sha256:ec74f022f315bede478ecae1277a01ab618e6500c1d68450d7883f5cd6ed554a", size = 9636374, upload-time = "2025-12-29T13:50:16.344Z" },
]

[[package]]
name = "waitress"
version = "3.0.2"
source = { registry = "https://pypi.org/simple" }
sdist = { url = "https://files.pythonhosted.org/packages/bf/cb/04ddb054f45faa306a230769e868c28b8065ea196891f09004ebace5b184/waitress-3.0.2.tar.gz", hash = "sha256:682aaaf2af0c44ada4abfb70ded36393f0e307f4ab9456a215ce0020baefc31f", size = 179901, upload-time = "2024-11-16T20:02:35.195Z" }
wheels = [
    { url = "https://files.pythonhosted.org/packages/8d/57/a27182528c90ef38d82b636a11f606b0cbb0e17588ed205435f8affe3368/waitress-3.0.2-py3-none-any.whl", hash = "sha256:c56d67fd6e87c2ee598b76abdd4e96cfad1f24cacdea5078d382b1f9d7b5ed2e", size = 56232, upload-time = "2024-11-16T20:02:33.858Z" },
]

[[package]]
name = "werkzeug"
version = "3.1.3"
source = { registry = "https://pypi.org/simple" }
dependencies = [
    { name = "markupsafe" },
]
sdist = { url = "https://files.pythonhosted.org/packages/9f/69/83029f1f6300c5fb2471d621ab06f6ec6b3324685a2ce0f9777fd4a8b71e/werkzeug-3.1.3.tar.gz", hash = "sha256:60723ce945c19328679790e3282cc758aa4a6040e4bb330f53d30fa546d44746", size = 806925, upload-time = "2024-11-08T15:52:18.093Z" }
wheels = [
    { url = "https://files.pythonhosted.org/packages/52/24/ab44c871b0f07f491e5d2ad12c9bd7358e527510618cb1b803a88e986db1/werkzeug-3.1.3-py3-none-any.whl", hash = "sha256:54b78bf3716d19a65be4fceccc0d1d7b89e608834989dfae50ea87564639213e", size = 224498, upload-time = "2024-11-08T15:52:16.132Z" },
]

[[package]]
name = "xlsxwriter"
version = "3.2.9"
source = { registry = "https://pypi.org/simple" }
sdist = { url = "https://files.pythonhosted.org/packages/46/2c/c06ef49dc36e7954e55b802a8b231770d286a9758b3d936bd1e04ce5ba88/xlsxwriter-3.2.9.tar.gz", hash = "sha256:254b1c37a368c444eac6e2f867405cc9e461b0ed97a3233b2ac1e574efb4140c", size = 215940, upload-time = "2025-09-16T00:16:21.63Z" }
wheels = [
    { url = "https://files.pythonhosted.org/packages/3a/0c/3662f4a66880196a590b202f0db82d919dd2f89e99a27fadef91c4a33d41/xlsxwriter-3.2.9-py3-none-any.whl", hash = "sha256:9a5db42bc5dff014806c58a20b9eae7322a134abb6fce3c92c181bfb275ec5b3", size = 175315, upload-time = "2025-09-16T00:16:20.108Z" },
]
